<?xml version="1.0" encoding="utf-8"?>
<Project ToolsVersion="4.0" xmlns="http://schemas.microsoft.com/developer/msbuild/2003">
  <ItemGroup>
    <Filter Include="Imgui">
      <UniqueIdentifier>{a29b507b-e700-4776-af57-de072d37c61a}</UniqueIdentifier>
    </Filter>
    <Filter Include="BaseComponents">
      <UniqueIdentifier>{e4a3803c-7235-4709-978d-fa020c86916f}</UniqueIdentifier>
    </Filter>
    <Filter Include="Inputs">
      <UniqueIdentifier>{80f76908-8e9a-4da1-8874-e190ad0881d2}</UniqueIdentifier>
    </Filter>
    <Filter Include="GameObjects">
      <UniqueIdentifier>{d98f4775-0ce4-45da-b001-a5cbad4ce825}</UniqueIdentifier>
    </Filter>
    <Filter Include="Events">
      <UniqueIdentifier>{51622a0e-dff1-4b7f-8523-cf15dd242502}</UniqueIdentifier>
    </Filter>
    <Filter Include="Visuals">
      <UniqueIdentifier>{ce9ac1d4-2237-4107-b8c6-91b07c1c83a5}</UniqueIdentifier>
    </Filter>
    <Filter Include="BaseEngine">
      <UniqueIdentifier>{a9436527-6c0e-4c49-8d42-09812d090537}</UniqueIdentifier>
    </Filter>
    <Filter Include="Sounds">
      <UniqueIdentifier>{b6eb352a-1494-43e5-ad14-f3a1fcf2a420}</UniqueIdentifier>
    </Filter>
  </ItemGroup>
  <ItemGroup>
    <ClInclude Include="..\3rdParty\imgui-1.90.4\imconfig.h">
      <Filter>Imgui</Filter>
    </ClInclude>
    <ClInclude Include="..\3rdParty\imgui-1.90.4\imgui.h">
      <Filter>Imgui</Filter>
    </ClInclude>
    <ClInclude Include="..\3rdParty\imgui-1.90.4\imgui_internal.h">
      <Filter>Imgui</Filter>
    </ClInclude>
    <ClInclude Include="..\3rdParty\imgui-1.90.4\imstb_rectpack.h">
      <Filter>Imgui</Filter>
    </ClInclude>
    <ClInclude Include="..\3rdParty\imgui-1.90.4\imstb_textedit.h">
      <Filter>Imgui</Filter>
    </ClInclude>
    <ClInclude Include="..\3rdParty\imgui-1.90.4\imstb_truetype.h">
      <Filter>Imgui</Filter>
    </ClInclude>
    <ClInclude Include="..\3rdParty\imgui-1.90.4\backends\imgui_impl_opengl3.h">
      <Filter>Imgui</Filter>
    </ClInclude>
    <ClInclude Include="..\3rdParty\imgui-1.90.4\backends\imgui_impl_sdl2.h">
      <Filter>Imgui</Filter>
    </ClInclude>
    <ClInclude Include="..\3rdParty\imgui-1.90.4\imgui_plot.h">
      <Filter>Imgui</Filter>
    </ClInclude>
    <ClInclude Include="BaseComponent.h">
      <Filter>BaseComponents</Filter>
    </ClInclude>
    <ClInclude Include="BaseGuiComponent.h">
      <Filter>BaseComponents</Filter>
    </ClInclude>
    <ClInclude Include="ImageComponent.h">
      <Filter>BaseComponents</Filter>
    </ClInclude>
    <ClInclude Include="TextComponent.h">
      <Filter>BaseComponents</Filter>
    </ClInclude>
    <ClInclude Include="Command.h">
      <Filter>Inputs</Filter>
    </ClInclude>
    <ClInclude Include="Controller.h">
      <Filter>Inputs</Filter>
    </ClInclude>
    <ClInclude Include="InputManager.h">
      <Filter>Inputs</Filter>
    </ClInclude>
    <ClInclude Include="GameObject.h">
      <Filter>GameObjects</Filter>
    </ClInclude>
    <ClInclude Include="Transform.h">
      <Filter>GameObjects</Filter>
    </ClInclude>
    <ClInclude Include="Observer.h">
      <Filter>Events</Filter>
    </ClInclude>
    <ClInclude Include="Subject.h">
      <Filter>Events</Filter>
    </ClInclude>
    <ClInclude Include="Texture2D.h">
      <Filter>Visuals</Filter>
    </ClInclude>
    <ClInclude Include="Renderer.h">
      <Filter>Visuals</Filter>
    </ClInclude>
    <ClInclude Include="Font.h">
      <Filter>Visuals</Filter>
    </ClInclude>
    <ClInclude Include="EngineTime.h">
      <Filter>BaseEngine</Filter>
    </ClInclude>
    <ClInclude Include="Minigin.h">
      <Filter>BaseEngine</Filter>
    </ClInclude>
    <ClInclude Include="ResourceManager.h">
      <Filter>BaseEngine</Filter>
    </ClInclude>
    <ClInclude Include="Scene.h">
      <Filter>BaseEngine</Filter>
    </ClInclude>
    <ClInclude Include="SceneManager.h">
      <Filter>BaseEngine</Filter>
    </ClInclude>
    <ClInclude Include="Singleton.h">
      <Filter>BaseEngine</Filter>
    </ClInclude>
    <ClInclude Include="SoundSystem.h">
      <Filter>Sounds</Filter>
    </ClInclude>
    <ClInclude Include="ServiceLocator.h">
      <Filter>Sounds</Filter>
    </ClInclude>
    <ClInclude Include="SDLSoundSystem.h">
      <Filter>Sounds</Filter>
    </ClInclude>
    <ClInclude Include="NullSoundSystem.h">
      <Filter>Sounds</Filter>
    </ClInclude>
    <ClInclude Include="LoggingSoundSystem.h">
      <Filter>Sounds</Filter>
    </ClInclude>
    <ClInclude Include="SceneCollection.h" />
  </ItemGroup>
  <ItemGroup>
    <ClCompile Include="..\3rdParty\imgui-1.90.4\imgui.cpp">
      <Filter>Imgui</Filter>
    </ClCompile>
    <ClCompile Include="..\3rdParty\imgui-1.90.4\imgui_demo.cpp">
      <Filter>Imgui</Filter>
    </ClCompile>
    <ClCompile Include="..\3rdParty\imgui-1.90.4\imgui_draw.cpp">
      <Filter>Imgui</Filter>
    </ClCompile>
    <ClCompile Include="..\3rdParty\imgui-1.90.4\imgui_tables.cpp">
      <Filter>Imgui</Filter>
    </ClCompile>
    <ClCompile Include="..\3rdParty\imgui-1.90.4\imgui_widgets.cpp">
      <Filter>Imgui</Filter>
    </ClCompile>
    <ClCompile Include="..\3rdParty\imgui-1.90.4\backends\imgui_impl_opengl3.cpp">
      <Filter>Imgui</Filter>
    </ClCompile>
    <ClCompile Include="..\3rdParty\imgui-1.90.4\backends\imgui_impl_sdl2.cpp">
      <Filter>Imgui</Filter>
    </ClCompile>
    <ClCompile Include="..\3rdParty\imgui-1.90.4\imgui_plot.cpp">
      <Filter>Imgui</Filter>
    </ClCompile>
    <ClCompile Include="BaseComponent.cpp">
      <Filter>BaseComponents</Filter>
    </ClCompile>
    <ClCompile Include="BaseGuiComponent.cpp">
      <Filter>BaseComponents</Filter>
    </ClCompile>
    <ClCompile Include="ImageComponent.cpp">
      <Filter>BaseComponents</Filter>
    </ClCompile>
    <ClCompile Include="TextComponent.cpp">
      <Filter>BaseComponents</Filter>
    </ClCompile>
    <ClCompile Include="Command.cpp">
      <Filter>Inputs</Filter>
    </ClCompile>
    <ClCompile Include="Controller.cpp">
      <Filter>Inputs</Filter>
    </ClCompile>
    <ClCompile Include="InputManager.cpp">
      <Filter>Inputs</Filter>
    </ClCompile>
    <ClCompile Include="GameObject.cpp">
      <Filter>GameObjects</Filter>
    </ClCompile>
    <ClCompile Include="Transform.cpp">
      <Filter>GameObjects</Filter>
    </ClCompile>
    <ClCompile Include="Observer.cpp">
      <Filter>Events</Filter>
    </ClCompile>
    <ClCompile Include="Subject.cpp">
      <Filter>Events</Filter>
    </ClCompile>
    <ClCompile Include="Font.cpp">
      <Filter>Visuals</Filter>
    </ClCompile>
    <ClCompile Include="Renderer.cpp">
      <Filter>Visuals</Filter>
    </ClCompile>
    <ClCompile Include="Texture2D.cpp">
      <Filter>Visuals</Filter>
    </ClCompile>
    <ClCompile Include="EngineTime.cpp">
      <Filter>BaseEngine</Filter>
    </ClCompile>
    <ClCompile Include="Minigin.cpp">
      <Filter>BaseEngine</Filter>
    </ClCompile>
    <ClCompile Include="ResourceManager.cpp">
      <Filter>BaseEngine</Filter>
    </ClCompile>
    <ClCompile Include="Scene.cpp">
      <Filter>BaseEngine</Filter>
    </ClCompile>
    <ClCompile Include="SceneManager.cpp">
      <Filter>BaseEngine</Filter>
    </ClCompile>
    <ClCompile Include="SoundSystem.cpp">
      <Filter>Sounds</Filter>
    </ClCompile>
    <ClCompile Include="ServiceLocator.cpp">
      <Filter>Sounds</Filter>
    </ClCompile>
    <ClCompile Include="SDLSoundSystem.cpp">
      <Filter>Sounds</Filter>
    </ClCompile>
    <ClCompile Include="NullSoundSystem.cpp">
      <Filter>Sounds</Filter>
    </ClCompile>
    <ClCompile Include="LoggingSoundSystem.cpp">
      <Filter>Sounds</Filter>
    </ClCompile>
    <ClCompile Include="SceneCollection.cpp" />
  </ItemGroup>
  <ItemGroup>
    <None Include="cpp.hint" />
  </ItemGroup>
</Project>