<?xml version="1.0" encoding="utf-8"?>
<Project ToolsVersion="4.0" xmlns="http://schemas.microsoft.com/developer/msbuild/2003">
  <ItemGroup>
    <Filter Include="Source Files">
      <UniqueIdentifier>{4FC737F1-C7A5-4376-A066-2A32D752A2FF}</UniqueIdentifier>
      <Extensions>cpp;c;cc;cxx;c++;cppm;ixx;def;odl;idl;hpj;bat;asm;asmx</Extensions>
    </Filter>
    <Filter Include="Header Files">
      <UniqueIdentifier>{93995380-89BD-4b04-88EB-625FBE52EBFB}</UniqueIdentifier>
      <Extensions>h;hh;hpp;hxx;h++;hm;inl;inc;ipp;xsd</Extensions>
    </Filter>
    <Filter Include="Resource Files">
      <UniqueIdentifier>{67DA6AB6-F800-4c08-8B7A-83BB121AAD01}</UniqueIdentifier>
      <Extensions>rc;ico;cur;bmp;dlg;rc2;rct;bin;rgs;gif;jpg;jpeg;jpe;resx;tiff;tif;png;wav;mfcribbon-ms</Extensions>
    </Filter>
    <Filter Include="Test Files">
      <UniqueIdentifier>{ca531461-27c4-4f2e-b190-06f74fc1c323}</UniqueIdentifier>
    </Filter>
    <Filter Include="Player">
      <UniqueIdentifier>{a9e9b1a2-1258-4e74-9e39-fe76a0e636de}</UniqueIdentifier>
    </Filter>
    <Filter Include="Player\FSM">
      <UniqueIdentifier>{88cf3bc9-9913-4481-a035-591a42fed915}</UniqueIdentifier>
    </Filter>
    <Filter Include="Coily">
      <UniqueIdentifier>{56f67396-854d-46b7-bd08-785748a00b00}</UniqueIdentifier>
    </Filter>
    <Filter Include="Coily\FSM">
      <UniqueIdentifier>{c66b907d-e7dd-4713-a353-b460cb103f47}</UniqueIdentifier>
    </Filter>
    <Filter Include="Disc">
      <UniqueIdentifier>{5be25986-26d3-471f-a0eb-67e374d420af}</UniqueIdentifier>
    </Filter>
    <Filter Include="Disc\FSM">
      <UniqueIdentifier>{4614570f-3c22-4237-8f0b-8de33d821d04}</UniqueIdentifier>
    </Filter>
  </ItemGroup>
  <ItemGroup>
    <ClCompile Include="Main.cpp">
      <Filter>Source Files</Filter>
    </ClCompile>
    <ClCompile Include="MapComponent.cpp">
      <Filter>Source Files</Filter>
    </ClCompile>
    <ClCompile Include="QbertMoveComponent.cpp">
      <Filter>Source Files</Filter>
    </ClCompile>
    <ClCompile Include="QbertCommand.cpp">
      <Filter>Source Files</Filter>
    </ClCompile>
    <ClCompile Include="FPSComponent.cpp">
      <Filter>Test Files</Filter>
    </ClCompile>
    <ClCompile Include="RenderFPSComponent.cpp">
      <Filter>Test Files</Filter>
    </ClCompile>
    <ClCompile Include="GuiEx1Component.cpp">
      <Filter>Test Files</Filter>
    </ClCompile>
    <ClCompile Include="GuiEx2Component.cpp">
      <Filter>Test Files</Filter>
    </ClCompile>
    <ClCompile Include="HealthComponent.cpp">
      <Filter>Test Files</Filter>
    </ClCompile>
    <ClCompile Include="TestCommand.cpp">
      <Filter>Test Files</Filter>
    </ClCompile>
    <ClCompile Include="UIComponent.cpp">
      <Filter>Test Files</Filter>
    </ClCompile>
    <ClCompile Include="ScoreComponent.cpp">
      <Filter>Test Files</Filter>
    </ClCompile>
    <ClCompile Include="TileComponent.cpp">
      <Filter>Source Files</Filter>
    </ClCompile>
    <ClCompile Include="RotatingComponent.cpp">
      <Filter>Test Files</Filter>
    </ClCompile>
    <ClCompile Include="MoveComponent.cpp">
      <Filter>Test Files</Filter>
    </ClCompile>
    <ClCompile Include="CoilyMoveComponent.cpp">
      <Filter>Source Files</Filter>
    </ClCompile>
    <ClCompile Include="PlayerState.cpp">
      <Filter>Player\FSM</Filter>
    </ClCompile>
    <ClCompile Include="CoilyState.cpp">
      <Filter>Coily\FSM</Filter>
    </ClCompile>
    <ClCompile Include="QbertScenes.cpp">
      <Filter>Source Files</Filter>
    </ClCompile>
    <ClCompile Include="ScenesState.cpp">
      <Filter>Source Files</Filter>
    </ClCompile>
    <ClCompile Include="BlinkingComponent.cpp">
      <Filter>Source Files</Filter>
    </ClCompile>
    <ClCompile Include="ScoreUIComponent.cpp">
      <Filter>Source Files</Filter>
    </ClCompile>
    <ClCompile Include="ChangeToUIComponent.cpp">
      <Filter>Source Files</Filter>
    </ClCompile>
    <ClCompile Include="HealthUIComponent.cpp">
      <Filter>Source Files</Filter>
    </ClCompile>
    <ClCompile Include="DiscComponent.cpp">
      <Filter>Disc</Filter>
    </ClCompile>
  </ItemGroup>
  <ItemGroup>
    <ClInclude Include="MapComponent.h">
      <Filter>Header Files</Filter>
    </ClInclude>
    <ClInclude Include="QbertMoveComponent.h">
      <Filter>Header Files</Filter>
    </ClInclude>
    <ClInclude Include="QbertCommand.h">
      <Filter>Header Files</Filter>
    </ClInclude>
    <ClInclude Include="FPSComponent.h">
      <Filter>Test Files</Filter>
    </ClInclude>
    <ClInclude Include="RenderFPSComponent.h">
      <Filter>Test Files</Filter>
    </ClInclude>
    <ClInclude Include="GuiEx1Component.h">
      <Filter>Test Files</Filter>
    </ClInclude>
    <ClInclude Include="GuiEx2Component.h">
      <Filter>Test Files</Filter>
    </ClInclude>
    <ClInclude Include="HealthComponent.h">
      <Filter>Test Files</Filter>
    </ClInclude>
    <ClInclude Include="TestCommand.h">
      <Filter>Test Files</Filter>
    </ClInclude>
    <ClInclude Include="UIComponent.h">
      <Filter>Test Files</Filter>
    </ClInclude>
    <ClInclude Include="ScoreComponent.h">
      <Filter>Test Files</Filter>
    </ClInclude>
    <ClInclude Include="TileComponent.h">
      <Filter>Header Files</Filter>
    </ClInclude>
    <ClInclude Include="RotatingComponent.h">
      <Filter>Test Files</Filter>
    </ClInclude>
    <ClInclude Include="MoveComponent.h">
      <Filter>Test Files</Filter>
    </ClInclude>
    <ClInclude Include="TrashTheCache.h">
      <Filter>Test Files</Filter>
    </ClInclude>
    <ClInclude Include="Graph.hpp">
      <Filter>Test Files</Filter>
    </ClInclude>
    <ClInclude Include="SoundTypes.h">
      <Filter>Header Files</Filter>
    </ClInclude>
    <ClInclude Include="CoilyMoveComponent.h">
      <Filter>Header Files</Filter>
    </ClInclude>
    <ClInclude Include="PlayerState.h">
      <Filter>Player\FSM</Filter>
    </ClInclude>
    <ClInclude Include="CoilyState.h">
      <Filter>Coily\FSM</Filter>
    </ClInclude>
    <ClInclude Include="QbertScenes.h">
      <Filter>Header Files</Filter>
    </ClInclude>
    <ClInclude Include="ScenesState.h">
      <Filter>Header Files</Filter>
    </ClInclude>
    <ClInclude Include="BlinkingComponent.h">
      <Filter>Header Files</Filter>
    </ClInclude>
    <ClInclude Include="ScoreUIComponent.h">
      <Filter>Header Files</Filter>
    </ClInclude>
    <ClInclude Include="ChangeToUIComponent.h">
      <Filter>Header Files</Filter>
    </ClInclude>
    <ClInclude Include="HealthUIComponent.h">
      <Filter>Header Files</Filter>
    </ClInclude>
    <ClInclude Include="DiscComponent.h">
      <Filter>Disc</Filter>
    </ClInclude>
  </ItemGroup>
</Project>